
Microsoft Visual Studio Solution File, Format Version 12.00
# Visual Studio 15
VisualStudioVersion = 15.0.28307.489
MinimumVisualStudioVersion = 10.0.40219.1
Project("{FAE04EC0-301F-11D3-BF4B-00C04F79EFBC}") = "GeekHunter.Web", "GeekHunter.Web\GeekHunter.Web.csproj", "{4F6E77E6-BBD6-45C8-8DE1-663D91092DF5}"
EndProject
Project("{FAE04EC0-301F-11D3-BF4B-00C04F79EFBC}") = "GeekHunter.Core", "GeekHunter.Core\GeekHunter.Core.csproj", "{44138100-5565-4FDF-AC35-9E445F1EEFCE}"
EndProject
Project("{FAE04EC0-301F-11D3-BF4B-00C04F79EFBC}") = "GeekHunter.Infrastructure", "GeekHunter.Infrastructure\GeekHunter.Infrastructure.csproj", "{1B83F447-8765-4FFB-A86B-E53D7E7640CA}"
EndProject
Project("{FAE04EC0-301F-11D3-BF4B-00C04F79EFBC}") = "GeekHunterTest", "GeekHunterTest\GeekHunterTest.csproj", "{275C764C-9094-445D-8B84-5373630FF5F7}"
EndProject
Global
	GlobalSection(SolutionConfigurationPlatforms) = preSolution
		Debug|Any CPU = Debug|Any CPU
		Release|Any CPU = Release|Any CPU
	EndGlobalSection
	GlobalSection(ProjectConfigurationPlatforms) = postSolution
		{4F6E77E6-BBD6-45C8-8DE1-663D91092DF5}.Debug|Any CPU.ActiveCfg = Debug|Any CPU
		{4F6E77E6-BBD6-45C8-8DE1-663D91092DF5}.Debug|Any CPU.Build.0 = Debug|Any CPU
		{4F6E77E6-BBD6-45C8-8DE1-663D91092DF5}.Release|Any CPU.ActiveCfg = Release|Any CPU
		{4F6E77E6-BBD6-45C8-8DE1-663D91092DF5}.Release|Any CPU.Build.0 = Release|Any CPU
		{44138100-5565-4FDF-AC35-9E445F1EEFCE}.Debug|Any CPU.ActiveCfg = Debug|Any CPU
		{44138100-5565-4FDF-AC35-9E445F1EEFCE}.Debug|Any CPU.Build.0 = Debug|Any CPU
		{44138100-5565-4FDF-AC35-9E445F1EEFCE}.Release|Any CPU.ActiveCfg = Release|Any CPU
		{44138100-5565-4FDF-AC35-9E445F1EEFCE}.Release|Any CPU.Build.0 = Release|Any CPU
		{1B83F447-8765-4FFB-A86B-E53D7E7640CA}.Debug|Any CPU.ActiveCfg = Debug|Any CPU
		{1B83F447-8765-4FFB-A86B-E53D7E7640CA}.Debug|Any CPU.Build.0 = Debug|Any CPU
		{1B83F447-8765-4FFB-A86B-E53D7E7640CA}.Release|Any CPU.ActiveCfg = Release|Any CPU
		{1B83F447-8765-4FFB-A86B-E53D7E7640CA}.Release|Any CPU.Build.0 = Release|Any CPU
		{275C764C-9094-445D-8B84-5373630FF5F7}.Debug|Any CPU.ActiveCfg = Debug|Any CPU
		{275C764C-9094-445D-8B84-5373630FF5F7}.Debug|Any CPU.Build.0 = Debug|Any CPU
		{275C764C-9094-445D-8B84-5373630FF5F7}.Release|Any CPU.ActiveCfg = Release|Any CPU
		{275C764C-9094-445D-8B84-5373630FF5F7}.Release|Any CPU.Build.0 = Release|Any CPU
	EndGlobalSection
	GlobalSection(SolutionProperties) = preSolution
		HideSolutionNode = FALSE
	EndGlobalSection
	GlobalSection(ExtensibilityGlobals) = postSolution
		SolutionGuid = {51724201-1124-4F9D-A350-DBE86F6DCBB9}
	EndGlobalSection
EndGlobal
